
Microsoft Visual Studio Solution File, Format Version 12.00
# Visual Studio Version 16
VisualStudioVersion = 16.0.30717.126
MinimumVisualStudioVersion = 10.0.40219.1
Project("{FAE04EC0-301F-11D3-BF4B-00C04F79EFBC}") = "StudiKasus", "StudiKasus\StudiKasus.csproj", "{B2A1B4C6-D82A-4959-875B-FD76B3872CF6}"
EndProject
Global
	GlobalSection(SolutionConfigurationPlatforms) = preSolution
		Debug|Any CPU = Debug|Any CPU
		Release|Any CPU = Release|Any CPU
	EndGlobalSection
	GlobalSection(ProjectConfigurationPlatforms) = postSolution
		{B2A1B4C6-D82A-4959-875B-FD76B3872CF6}.Debug|Any CPU.ActiveCfg = Debug|Any CPU
		{B2A1B4C6-D82A-4959-875B-FD76B3872CF6}.Debug|Any CPU.Build.0 = Debug|Any CPU
		{B2A1B4C6-D82A-4959-875B-FD76B3872CF6}.Release|Any CPU.ActiveCfg = Release|Any CPU
		{B2A1B4C6-D82A-4959-875B-FD76B3872CF6}.Release|Any CPU.Build.0 = Release|Any CPU
	EndGlobalSection
	GlobalSection(SolutionProperties) = preSolution
		HideSolutionNode = FALSE
	EndGlobalSection
	GlobalSection(ExtensibilityGlobals) = postSolution
		SolutionGuid = {E765C56E-7521-4CE9-8143-1765485018F4}
	EndGlobalSection
EndGlobal
